
Microsoft Visual Studio Solution File, Format Version 12.00
# Visual Studio Version 16
VisualStudioVersion = 16.0.29613.14
MinimumVisualStudioVersion = 10.0.40219.1
Project("{FAE04EC0-301F-11D3-BF4B-00C04F79EFBC}") = "HyperOne", "HyperOne\HyperOne.csproj", "{39F8C014-9F8B-4E9A-BBA4-E6E167038F2B}"
EndProject
Project("{FAE04EC0-301F-11D3-BF4B-00C04F79EFBC}") = "MostafaModel", "MostafaModel\MostafaModel.csproj", "{62F3EF71-61A1-47BC-8FAB-1A7E0CC18878}"
EndProject
Global
	GlobalSection(SolutionConfigurationPlatforms) = preSolution
		Debug|Any CPU = Debug|Any CPU
		Release|Any CPU = Release|Any CPU
	EndGlobalSection
	GlobalSection(ProjectConfigurationPlatforms) = postSolution
		{39F8C014-9F8B-4E9A-BBA4-E6E167038F2B}.Debug|Any CPU.ActiveCfg = Debug|Any CPU
		{39F8C014-9F8B-4E9A-BBA4-E6E167038F2B}.Debug|Any CPU.Build.0 = Debug|Any CPU
		{39F8C014-9F8B-4E9A-BBA4-E6E167038F2B}.Release|Any CPU.ActiveCfg = Release|Any CPU
		{39F8C014-9F8B-4E9A-BBA4-E6E167038F2B}.Release|Any CPU.Build.0 = Release|Any CPU
		{62F3EF71-61A1-47BC-8FAB-1A7E0CC18878}.Debug|Any CPU.ActiveCfg = Debug|Any CPU
		{62F3EF71-61A1-47BC-8FAB-1A7E0CC18878}.Debug|Any CPU.Build.0 = Debug|Any CPU
		{62F3EF71-61A1-47BC-8FAB-1A7E0CC18878}.Release|Any CPU.ActiveCfg = Release|Any CPU
		{62F3EF71-61A1-47BC-8FAB-1A7E0CC18878}.Release|Any CPU.Build.0 = Release|Any CPU
	EndGlobalSection
	GlobalSection(SolutionProperties) = preSolution
		HideSolutionNode = FALSE
	EndGlobalSection
	GlobalSection(ExtensibilityGlobals) = postSolution
		SolutionGuid = {D00EB62E-CC55-4B3C-B120-913BD4DF3CD5}
	EndGlobalSection
EndGlobal
